
Microsoft Visual Studio Solution File, Format Version 12.00
# Visual Studio 15
VisualStudioVersion = 15.0.26124.0
MinimumVisualStudioVersion = 15.0.26124.0
Project("{9A19103F-16F7-4668-BE54-9A1E7A4F7556}") = "Name", "src\Name\Name.csproj", "{DACA23D4-071A-4953-9409-AF3FB4098EA5}"
EndProject
Global
	GlobalSection(SolutionConfigurationPlatforms) = preSolution
		Debug|Any CPU = Debug|Any CPU
		Release|Any CPU = Release|Any CPU
	EndGlobalSection
	GlobalSection(ProjectConfigurationPlatforms) = postSolution
		{DACA23D4-071A-4953-9409-AF3FB4098EA5}.Debug|Any CPU.ActiveCfg = Debug|Any CPU
		{DACA23D4-071A-4953-9409-AF3FB4098EA5}.Debug|Any CPU.Build.0 = Debug|Any CPU
		{DACA23D4-071A-4953-9409-AF3FB4098EA5}.Release|Any CPU.ActiveCfg = Release|Any CPU
		{DACA23D4-071A-4953-9409-AF3FB4098EA5}.Release|Any CPU.Build.0 = Release|Any CPU
	EndGlobalSection
	GlobalSection(SolutionProperties) = preSolution
		HideSolutionNode = FALSE
	EndGlobalSection
	GlobalSection(ExtensibilityGlobals) = postSolution
		SolutionGuid = {4A9648A3-54D6-473B-B452-7B3FF5A442EE}
	EndGlobalSection
EndGlobal
